
Microsoft Visual Studio Solution File, Format Version 12.00
# Visual Studio 15
Project("{FAE04EC0-301F-11D3-BF4B-00C04F79EFBC}") = "HelloWorld", "HelloWorld\HelloWorld.csproj", "{201CAB4F-D5A2-4E3F-84C9-99446901F28B}"
EndProject
Global
	GlobalSection(SolutionConfigurationPlatforms) = preSolution
		Debug|x86 = Debug|x86
		Release|x86 = Release|x86
	EndGlobalSection
	GlobalSection(ProjectConfigurationPlatforms) = postSolution
		{201CAB4F-D5A2-4E3F-84C9-99446901F28B}.Debug|x86.ActiveCfg = Debug|x86
		{201CAB4F-D5A2-4E3F-84C9-99446901F28B}.Debug|x86.Build.0 = Debug|x86
		{201CAB4F-D5A2-4E3F-84C9-99446901F28B}.Release|x86.ActiveCfg = Release|x86
		{201CAB4F-D5A2-4E3F-84C9-99446901F28B}.Release|x86.Build.0 = Release|x86
	EndGlobalSection
EndGlobal
